
Microsoft Visual Studio Solution File, Format Version 12.00
# Visual Studio Version 16
VisualStudioVersion = 16.0.31515.178
MinimumVisualStudioVersion = 10.0.40219.1
Project("{9A19103F-16F7-4668-BE54-9A1E7A4F7556}") = "TestTask", "TestTask\TestTask.csproj", "{ACFD2F15-5D20-4391-A46F-5A8C4637240C}"
EndProject
Project("{FAE04EC0-301F-11D3-BF4B-00C04F79EFBC}") = "TestTask.Tests", "TestTask.Tests\TestTask.Tests.csproj", "{F92B7C0C-B476-4469-9FEB-C8EE3075A67B}"
EndProject
Global
	GlobalSection(SolutionConfigurationPlatforms) = preSolution
		Debug|Any CPU = Debug|Any CPU
		Release|Any CPU = Release|Any CPU
	EndGlobalSection
	GlobalSection(ProjectConfigurationPlatforms) = postSolution
		{ACFD2F15-5D20-4391-A46F-5A8C4637240C}.Debug|Any CPU.ActiveCfg = Debug|Any CPU
		{ACFD2F15-5D20-4391-A46F-5A8C4637240C}.Debug|Any CPU.Build.0 = Debug|Any CPU
		{ACFD2F15-5D20-4391-A46F-5A8C4637240C}.Release|Any CPU.ActiveCfg = Release|Any CPU
		{ACFD2F15-5D20-4391-A46F-5A8C4637240C}.Release|Any CPU.Build.0 = Release|Any CPU
		{F92B7C0C-B476-4469-9FEB-C8EE3075A67B}.Debug|Any CPU.ActiveCfg = Debug|Any CPU
		{F92B7C0C-B476-4469-9FEB-C8EE3075A67B}.Debug|Any CPU.Build.0 = Debug|Any CPU
		{F92B7C0C-B476-4469-9FEB-C8EE3075A67B}.Release|Any CPU.ActiveCfg = Release|Any CPU
		{F92B7C0C-B476-4469-9FEB-C8EE3075A67B}.Release|Any CPU.Build.0 = Release|Any CPU
	EndGlobalSection
	GlobalSection(SolutionProperties) = preSolution
		HideSolutionNode = FALSE
	EndGlobalSection
	GlobalSection(ExtensibilityGlobals) = postSolution
		SolutionGuid = {20C6323F-F37D-4BFB-A8AC-5BF38EFAB6C5}
	EndGlobalSection
EndGlobal
